{
  "name": "sparcs-simple-http-server",
  "version": "1.0.0",
  "lockfileVersion": 2,
  "requires": true,
  "packages": {
    "": {
      "version": "1.0.0",
      "license": "ISC",
      "dependencies": {
        "typescript": "^4.3.5"
      },
      "devDependencies": {
        "@types/node": "^16.4.4"
      }
    },
    "node_modules/@types/node": {
      "version": "16.4.4",
      "resolved": "https://registry.npmjs.org/@types/node/-/node-16.4.4.tgz",
      "integrity": "sha512-BH/jX0HjzElFCQdAwaEMwuGBQwm6ViDZ00X6LKdnRRmGWOzkWugEH4+7a0BwfHQ8DfPPCSd/mdsm3Nu8FKFu0w==",
      "dev": true
    },
    "node_modules/typescript": {
      "version": "4.3.5",
      "resolved": "https://registry.npmjs.org/typescript/-/typescript-4.3.5.tgz",
      "integrity": "sha512-DqQgihaQ9cUrskJo9kIyW/+g0Vxsk8cDtZ52a3NGh0YNTfpUSArXSohyUGnvbPazEPLu398C0UxmKSOrPumUzA==",
      "bin": {
        "tsc": "bin/tsc",
        "tsserver": "bin/tsserver"
      },
      "engines": {
        "node": ">=4.2.0"
      }
    }
  },
  "dependencies": {
    "@types/node": {
      "version": "16.4.4",
      "resolved": "https://registry.npmjs.org/@types/node/-/node-16.4.4.tgz",
      "integrity": "sha512-BH/jX0HjzElFCQdAwaEMwuGBQwm6ViDZ00X6LKdnRRmGWOzkWugEH4+7a0BwfHQ8DfPPCSd/mdsm3Nu8FKFu0w==",
      "dev": true
    },
    "typescript": {
      "version": "4.3.5",
      "resolved": "https://registry.npmjs.org/typescript/-/typescript-4.3.5.tgz",
      "integrity": "sha512-DqQgihaQ9cUrskJo9kIyW/+g0Vxsk8cDtZ52a3NGh0YNTfpUSArXSohyUGnvbPazEPLu398C0UxmKSOrPumUzA=="
    }
  }
}
